{
  "name": "prepros-project",
  "version": "1.0.0",
  "lockfileVersion": 1,
  "requires": true,
  "dependencies": {
    "bootstrap": {
      "version": "5.3.3",
      "resolved": "https://registry.npmjs.org/bootstrap/-/bootstrap-5.3.3.tgz",
      "integrity": "sha512-8HLCdWgyoMguSO9o+aH+iuZ+aht+mzW0u3HIMzVu7Srrpv7EBBxTnrFlSCskwdY1+EOFQSm7uMJhNQHkdPcmjg==",
      "dev": true
    },
    "uikit": {
      "version": "3.20.9",
      "resolved": "https://registry.npmjs.org/uikit/-/uikit-3.20.9.tgz",
      "integrity": "sha512-bjWJF5eELXyyywxaLa1XpCooVd0ine9x/2qh61XXuX8RMdvv3s62L/hXTIE4Q0TW8lZK53zjpU7VTT7JLnsq9g==",
      "dev": true
    }
  }
}
